{
  "name": "TikTokTuning",
  "lockfileVersion": 2,
  "requires": true,
  "packages": {
    "": {
      "dependencies": {
        "ipsp-js-sdk": "^2.0.11-alpha.1"
      }
    },
    "node_modules/ipsp-js-sdk": {
      "version": "2.0.11-alpha.1",
      "resolved": "https://registry.npmjs.org/ipsp-js-sdk/-/ipsp-js-sdk-2.0.11-alpha.1.tgz",
      "integrity": "sha512-z1dQeaxGsiSTvl7cSDiQDZeUxujpq7MBBVArgcgBSpHuZCpAbu3uiS57cdgrjlAn8pqDPMefcwEIoLbA3+0I0A=="
    }
  },
  "dependencies": {
    "ipsp-js-sdk": {
      "version": "2.0.11-alpha.1",
      "resolved": "https://registry.npmjs.org/ipsp-js-sdk/-/ipsp-js-sdk-2.0.11-alpha.1.tgz",
      "integrity": "sha512-z1dQeaxGsiSTvl7cSDiQDZeUxujpq7MBBVArgcgBSpHuZCpAbu3uiS57cdgrjlAn8pqDPMefcwEIoLbA3+0I0A=="
    }
  }
}
